
Microsoft Visual Studio Solution File, Format Version 12.00
# Visual Studio Version 17
VisualStudioVersion = 17.1.32421.90
MinimumVisualStudioVersion = 10.0.40219.1
Project("{9A19103F-16F7-4668-BE54-9A1E7A4F7556}") = "ArturoHerrera24", "ArturoHerrera24.csproj", "{577AF5B8-751F-4935-BAC8-D8071591B664}"
EndProject
Global
	GlobalSection(SolutionConfigurationPlatforms) = preSolution
		Debug|Any CPU = Debug|Any CPU
		Release|Any CPU = Release|Any CPU
	EndGlobalSection
	GlobalSection(ProjectConfigurationPlatforms) = postSolution
		{577AF5B8-751F-4935-BAC8-D8071591B664}.Debug|Any CPU.ActiveCfg = Debug|Any CPU
		{577AF5B8-751F-4935-BAC8-D8071591B664}.Debug|Any CPU.Build.0 = Debug|Any CPU
		{577AF5B8-751F-4935-BAC8-D8071591B664}.Release|Any CPU.ActiveCfg = Release|Any CPU
		{577AF5B8-751F-4935-BAC8-D8071591B664}.Release|Any CPU.Build.0 = Release|Any CPU
	EndGlobalSection
	GlobalSection(SolutionProperties) = preSolution
		HideSolutionNode = FALSE
	EndGlobalSection
	GlobalSection(ExtensibilityGlobals) = postSolution
		SolutionGuid = {2BAC1A0B-A75C-4CD9-B3D4-18E6CFED7093}
	EndGlobalSection
EndGlobal
